
Microsoft Visual Studio Solution File, Format Version 12.00
# Visual Studio Version 16
VisualStudioVersion = 16.0.29613.14
MinimumVisualStudioVersion = 10.0.40219.1
Project("{FAE04EC0-301F-11D3-BF4B-00C04F79EFBC}") = "viaConsoleApp", "viaConsoleApp\viaConsoleApp.csproj", "{DBD3CBE6-DBF9-4E0C-AE0B-CA7E23CBD339}"
EndProject
Global
	GlobalSection(SolutionConfigurationPlatforms) = preSolution
		Debug|Any CPU = Debug|Any CPU
		Release|Any CPU = Release|Any CPU
	EndGlobalSection
	GlobalSection(ProjectConfigurationPlatforms) = postSolution
		{DBD3CBE6-DBF9-4E0C-AE0B-CA7E23CBD339}.Debug|Any CPU.ActiveCfg = Debug|Any CPU
		{DBD3CBE6-DBF9-4E0C-AE0B-CA7E23CBD339}.Debug|Any CPU.Build.0 = Debug|Any CPU
		{DBD3CBE6-DBF9-4E0C-AE0B-CA7E23CBD339}.Release|Any CPU.ActiveCfg = Release|Any CPU
		{DBD3CBE6-DBF9-4E0C-AE0B-CA7E23CBD339}.Release|Any CPU.Build.0 = Release|Any CPU
	EndGlobalSection
	GlobalSection(SolutionProperties) = preSolution
		HideSolutionNode = FALSE
	EndGlobalSection
	GlobalSection(ExtensibilityGlobals) = postSolution
		SolutionGuid = {43A1AD75-EB84-4414-8AD4-547E0E3A4B7F}
	EndGlobalSection
EndGlobal
